
Microsoft Visual Studio Solution File, Format Version 12.00
# Visual Studio Version 16
VisualStudioVersion = 16.0.29009.5
MinimumVisualStudioVersion = 10.0.40219.1
Project("{FAE04EC0-301F-11D3-BF4B-00C04F79EFBC}") = "MvvmExample", "Example2\MvvmExample.csproj", "{D156C5E9-3879-45DC-8F4B-CC71AD3AED6B}"
EndProject
Project("{FAE04EC0-301F-11D3-BF4B-00C04F79EFBC}") = "MockExamples", "MockExamples\MockExamples.csproj", "{C590CEA1-B392-4246-8C74-B7035E9DB271}"
EndProject
Project("{FAE04EC0-301F-11D3-BF4B-00C04F79EFBC}") = "UnitTestProject1", "UnitTestProject1\UnitTestProject1.csproj", "{AFE3E144-031F-4E1B-ABEA-EE0D831FF7B6}"
EndProject
Global
	GlobalSection(SolutionConfigurationPlatforms) = preSolution
		Debug|Any CPU = Debug|Any CPU
		Debug|x86 = Debug|x86
		Release|Any CPU = Release|Any CPU
		Release|x86 = Release|x86
	EndGlobalSection
	GlobalSection(ProjectConfigurationPlatforms) = postSolution
		{D156C5E9-3879-45DC-8F4B-CC71AD3AED6B}.Debug|Any CPU.ActiveCfg = Debug|x86
		{D156C5E9-3879-45DC-8F4B-CC71AD3AED6B}.Debug|x86.ActiveCfg = Debug|x86
		{D156C5E9-3879-45DC-8F4B-CC71AD3AED6B}.Debug|x86.Build.0 = Debug|x86
		{D156C5E9-3879-45DC-8F4B-CC71AD3AED6B}.Release|Any CPU.ActiveCfg = Release|x86
		{D156C5E9-3879-45DC-8F4B-CC71AD3AED6B}.Release|x86.ActiveCfg = Release|x86
		{D156C5E9-3879-45DC-8F4B-CC71AD3AED6B}.Release|x86.Build.0 = Release|x86
		{C590CEA1-B392-4246-8C74-B7035E9DB271}.Debug|Any CPU.ActiveCfg = Debug|Any CPU
		{C590CEA1-B392-4246-8C74-B7035E9DB271}.Debug|Any CPU.Build.0 = Debug|Any CPU
		{C590CEA1-B392-4246-8C74-B7035E9DB271}.Debug|x86.ActiveCfg = Debug|Any CPU
		{C590CEA1-B392-4246-8C74-B7035E9DB271}.Debug|x86.Build.0 = Debug|Any CPU
		{C590CEA1-B392-4246-8C74-B7035E9DB271}.Release|Any CPU.ActiveCfg = Release|Any CPU
		{C590CEA1-B392-4246-8C74-B7035E9DB271}.Release|Any CPU.Build.0 = Release|Any CPU
		{C590CEA1-B392-4246-8C74-B7035E9DB271}.Release|x86.ActiveCfg = Release|Any CPU
		{C590CEA1-B392-4246-8C74-B7035E9DB271}.Release|x86.Build.0 = Release|Any CPU
		{AFE3E144-031F-4E1B-ABEA-EE0D831FF7B6}.Debug|Any CPU.ActiveCfg = Debug|Any CPU
		{AFE3E144-031F-4E1B-ABEA-EE0D831FF7B6}.Debug|Any CPU.Build.0 = Debug|Any CPU
		{AFE3E144-031F-4E1B-ABEA-EE0D831FF7B6}.Debug|x86.ActiveCfg = Debug|Any CPU
		{AFE3E144-031F-4E1B-ABEA-EE0D831FF7B6}.Debug|x86.Build.0 = Debug|Any CPU
		{AFE3E144-031F-4E1B-ABEA-EE0D831FF7B6}.Release|Any CPU.ActiveCfg = Release|Any CPU
		{AFE3E144-031F-4E1B-ABEA-EE0D831FF7B6}.Release|Any CPU.Build.0 = Release|Any CPU
		{AFE3E144-031F-4E1B-ABEA-EE0D831FF7B6}.Release|x86.ActiveCfg = Release|Any CPU
		{AFE3E144-031F-4E1B-ABEA-EE0D831FF7B6}.Release|x86.Build.0 = Release|Any CPU
	EndGlobalSection
	GlobalSection(SolutionProperties) = preSolution
		HideSolutionNode = FALSE
	EndGlobalSection
	GlobalSection(ExtensibilityGlobals) = postSolution
		SolutionGuid = {7310FE84-22E0-4C02-9E52-4F3F0FBF2FC9}
	EndGlobalSection
EndGlobal
